
Microsoft Visual Studio Solution File, Format Version 12.00
# Visual Studio 15
VisualStudioVersion = 15.0.28010.2046
MinimumVisualStudioVersion = 10.0.40219.1
Project("{FAE04EC0-301F-11D3-BF4B-00C04F79EFBC}") = "BMANM_MAHOA", "BMANM_MAHOA\BMANM_MAHOA.csproj", "{93C03361-F2DA-4B2B-8DFA-C0C98DD6E89D}"
EndProject
Global
	GlobalSection(SolutionConfigurationPlatforms) = preSolution
		Debug|Any CPU = Debug|Any CPU
		Release|Any CPU = Release|Any CPU
	EndGlobalSection
	GlobalSection(ProjectConfigurationPlatforms) = postSolution
		{93C03361-F2DA-4B2B-8DFA-C0C98DD6E89D}.Debug|Any CPU.ActiveCfg = Debug|Any CPU
		{93C03361-F2DA-4B2B-8DFA-C0C98DD6E89D}.Debug|Any CPU.Build.0 = Debug|Any CPU
		{93C03361-F2DA-4B2B-8DFA-C0C98DD6E89D}.Release|Any CPU.ActiveCfg = Release|Any CPU
		{93C03361-F2DA-4B2B-8DFA-C0C98DD6E89D}.Release|Any CPU.Build.0 = Release|Any CPU
	EndGlobalSection
	GlobalSection(SolutionProperties) = preSolution
		HideSolutionNode = FALSE
	EndGlobalSection
	GlobalSection(ExtensibilityGlobals) = postSolution
		SolutionGuid = {EF3FB9E0-0623-40D5-A134-7BFCC48F0870}
	EndGlobalSection
EndGlobal
